
Microsoft Visual Studio Solution File, Format Version 12.00
# Visual Studio Version 17
VisualStudioVersion = 17.0.31710.8
MinimumVisualStudioVersion = 10.0.40219.1
Project("{9A19103F-16F7-4668-BE54-9A1E7A4F7556}") = "InvokerCrappahilationPaid", "InvokerCrappahilationPaid\InvokerCrappahilationPaid\InvokerCrappahilationPaid.csproj", "{9D88326D-B471-4F3A-980B-1F9CA72753F9}"
EndProject
Project("{9A19103F-16F7-4668-BE54-9A1E7A4F7556}") = "TechiesCrappahilationPaid", "TechiesCrappahilationPaid\TechiesCrappahilationPaid.csproj", "{B94A521D-10B2-4FA3-BC18-78B77EFC02D1}"
EndProject
Global
	GlobalSection(SolutionConfigurationPlatforms) = preSolution
		Debug|Any CPU = Debug|Any CPU
		Release|Any CPU = Release|Any CPU
	EndGlobalSection
	GlobalSection(ProjectConfigurationPlatforms) = postSolution
		{9D88326D-B471-4F3A-980B-1F9CA72753F9}.Debug|Any CPU.ActiveCfg = Debug|Any CPU
		{9D88326D-B471-4F3A-980B-1F9CA72753F9}.Debug|Any CPU.Build.0 = Debug|Any CPU
		{9D88326D-B471-4F3A-980B-1F9CA72753F9}.Release|Any CPU.ActiveCfg = Debug|Any CPU
		{9D88326D-B471-4F3A-980B-1F9CA72753F9}.Release|Any CPU.Build.0 = Debug|Any CPU
		{B94A521D-10B2-4FA3-BC18-78B77EFC02D1}.Debug|Any CPU.ActiveCfg = Release|x64
		{B94A521D-10B2-4FA3-BC18-78B77EFC02D1}.Debug|Any CPU.Build.0 = Release|x64
		{B94A521D-10B2-4FA3-BC18-78B77EFC02D1}.Release|Any CPU.ActiveCfg = Release|x64
	EndGlobalSection
	GlobalSection(SolutionProperties) = preSolution
		HideSolutionNode = FALSE
	EndGlobalSection
	GlobalSection(ExtensibilityGlobals) = postSolution
		SolutionGuid = {FE801282-092E-4CFB-B85F-98D842ADFD19}
	EndGlobalSection
EndGlobal
